{
  "nodes": {
    "nixpkgs": {
      "locked": {
        "lastModified": 1730222689,
        "narHash": "sha256-EN24siBm3X94Qt5kV2vNFBrl3rkQpW8EXacD6nKRJwg=",
        "owner": "nixos",
        "repo": "nixpkgs",
        "rev": "3e46dff78b9207584ac19fcfe4e059db6734c841",
        "type": "github"
      },
      "original": {
        "owner": "nixos",
        "repo": "nixpkgs",
        "type": "github"
      }
    },
    "root": {
      "inputs": {
        "nixpkgs": "nixpkgs"
      }
    }
  },
  "root": "root",
  "version": 7
}
