{
  "nodes": {
    "nixpkgs": {
      "locked": {
        "lastModified": 1734650514,
        "narHash": "sha256-Ukd77TsVMS3iYJz1+gze2SWQ3S88omZJzMxlF1YhztE=",
        "owner": "nixos",
        "repo": "nixpkgs",
        "rev": "c5225afd68899f2c5d010fcc397175d44821ba82",
        "type": "github"
      },
      "original": {
        "owner": "nixos",
        "repo": "nixpkgs",
        "type": "github"
      }
    },
    "root": {
      "inputs": {
        "nixpkgs": "nixpkgs"
      }
    }
  },
  "root": "root",
  "version": 7
}
